
Microsoft Visual Studio Solution File, Format Version 12.00
# Visual Studio 14
VisualStudioVersion = 14.0.25123.0
MinimumVisualStudioVersion = 10.0.40219.1
Project("{8BC9CEB8-8B4A-11D0-8D11-00A0C91BC942}") = "Compote", "Compote\Compote.vcxproj", "{C70F86F7-264D-4AF8-A586-6EAC5C4DF300}"
EndProject
Project("{8BC9CEB8-8B4A-11D0-8D11-00A0C91BC942}") = "Decoding", "Decoding\Decoding.vcxproj", "{1009CC61-65B2-445B-B4BB-8DB16137E226}"
EndProject
Project("{8BC9CEB8-8B4A-11D0-8D11-00A0C91BC942}") = "Tram", "Tram\Tram.vcxproj", "{B1A8A830-0FF2-4B74-B904-AB76055D8859}"
EndProject
Project("{8BC9CEB8-8B4A-11D0-8D11-00A0C91BC942}") = "Tea", "Tea\Tea.vcxproj", "{FA9CDD15-4740-496C-B2AB-5B42E4DE3440}"
EndProject
Project("{8BC9CEB8-8B4A-11D0-8D11-00A0C91BC942}") = "Numbers", "Numbers\Numbers.vcxproj", "{72E2410D-C0E9-4EA7-B2DA-08F5C5DD8EAB}"
EndProject
Project("{8BC9CEB8-8B4A-11D0-8D11-00A0C91BC942}") = "Roads", "Roads\Roads.vcxproj", "{18DB77A2-BB76-4904-946D-DA667BE68CD8}"
EndProject
Project("{8BC9CEB8-8B4A-11D0-8D11-00A0C91BC942}") = "Music", "Music\Music.vcxproj", "{7E6713E0-B703-44AA-9770-38394EA58A29}"
EndProject
Global
	GlobalSection(SolutionConfigurationPlatforms) = preSolution
		Debug|x64 = Debug|x64
		Debug|x86 = Debug|x86
		Release|x64 = Release|x64
		Release|x86 = Release|x86
	EndGlobalSection
	GlobalSection(ProjectConfigurationPlatforms) = postSolution
		{C70F86F7-264D-4AF8-A586-6EAC5C4DF300}.Debug|x64.ActiveCfg = Debug|x64
		{C70F86F7-264D-4AF8-A586-6EAC5C4DF300}.Debug|x64.Build.0 = Debug|x64
		{C70F86F7-264D-4AF8-A586-6EAC5C4DF300}.Debug|x86.ActiveCfg = Debug|Win32
		{C70F86F7-264D-4AF8-A586-6EAC5C4DF300}.Debug|x86.Build.0 = Debug|Win32
		{C70F86F7-264D-4AF8-A586-6EAC5C4DF300}.Release|x64.ActiveCfg = Release|x64
		{C70F86F7-264D-4AF8-A586-6EAC5C4DF300}.Release|x64.Build.0 = Release|x64
		{C70F86F7-264D-4AF8-A586-6EAC5C4DF300}.Release|x86.ActiveCfg = Release|Win32
		{C70F86F7-264D-4AF8-A586-6EAC5C4DF300}.Release|x86.Build.0 = Release|Win32
		{1009CC61-65B2-445B-B4BB-8DB16137E226}.Debug|x64.ActiveCfg = Debug|x64
		{1009CC61-65B2-445B-B4BB-8DB16137E226}.Debug|x64.Build.0 = Debug|x64
		{1009CC61-65B2-445B-B4BB-8DB16137E226}.Debug|x86.ActiveCfg = Debug|Win32
		{1009CC61-65B2-445B-B4BB-8DB16137E226}.Debug|x86.Build.0 = Debug|Win32
		{1009CC61-65B2-445B-B4BB-8DB16137E226}.Release|x64.ActiveCfg = Release|x64
		{1009CC61-65B2-445B-B4BB-8DB16137E226}.Release|x64.Build.0 = Release|x64
		{1009CC61-65B2-445B-B4BB-8DB16137E226}.Release|x86.ActiveCfg = Release|Win32
		{1009CC61-65B2-445B-B4BB-8DB16137E226}.Release|x86.Build.0 = Release|Win32
		{B1A8A830-0FF2-4B74-B904-AB76055D8859}.Debug|x64.ActiveCfg = Debug|x64
		{B1A8A830-0FF2-4B74-B904-AB76055D8859}.Debug|x64.Build.0 = Debug|x64
		{B1A8A830-0FF2-4B74-B904-AB76055D8859}.Debug|x86.ActiveCfg = Debug|Win32
		{B1A8A830-0FF2-4B74-B904-AB76055D8859}.Debug|x86.Build.0 = Debug|Win32
		{B1A8A830-0FF2-4B74-B904-AB76055D8859}.Release|x64.ActiveCfg = Release|x64
		{B1A8A830-0FF2-4B74-B904-AB76055D8859}.Release|x64.Build.0 = Release|x64
		{B1A8A830-0FF2-4B74-B904-AB76055D8859}.Release|x86.ActiveCfg = Release|Win32
		{B1A8A830-0FF2-4B74-B904-AB76055D8859}.Release|x86.Build.0 = Release|Win32
		{FA9CDD15-4740-496C-B2AB-5B42E4DE3440}.Debug|x64.ActiveCfg = Debug|x64
		{FA9CDD15-4740-496C-B2AB-5B42E4DE3440}.Debug|x64.Build.0 = Debug|x64
		{FA9CDD15-4740-496C-B2AB-5B42E4DE3440}.Debug|x86.ActiveCfg = Debug|Win32
		{FA9CDD15-4740-496C-B2AB-5B42E4DE3440}.Debug|x86.Build.0 = Debug|Win32
		{FA9CDD15-4740-496C-B2AB-5B42E4DE3440}.Release|x64.ActiveCfg = Release|x64
		{FA9CDD15-4740-496C-B2AB-5B42E4DE3440}.Release|x64.Build.0 = Release|x64
		{FA9CDD15-4740-496C-B2AB-5B42E4DE3440}.Release|x86.ActiveCfg = Release|Win32
		{FA9CDD15-4740-496C-B2AB-5B42E4DE3440}.Release|x86.Build.0 = Release|Win32
		{72E2410D-C0E9-4EA7-B2DA-08F5C5DD8EAB}.Debug|x64.ActiveCfg = Debug|x64
		{72E2410D-C0E9-4EA7-B2DA-08F5C5DD8EAB}.Debug|x64.Build.0 = Debug|x64
		{72E2410D-C0E9-4EA7-B2DA-08F5C5DD8EAB}.Debug|x86.ActiveCfg = Debug|Win32
		{72E2410D-C0E9-4EA7-B2DA-08F5C5DD8EAB}.Debug|x86.Build.0 = Debug|Win32
		{72E2410D-C0E9-4EA7-B2DA-08F5C5DD8EAB}.Release|x64.ActiveCfg = Release|x64
		{72E2410D-C0E9-4EA7-B2DA-08F5C5DD8EAB}.Release|x64.Build.0 = Release|x64
		{72E2410D-C0E9-4EA7-B2DA-08F5C5DD8EAB}.Release|x86.ActiveCfg = Release|Win32
		{72E2410D-C0E9-4EA7-B2DA-08F5C5DD8EAB}.Release|x86.Build.0 = Release|Win32
		{18DB77A2-BB76-4904-946D-DA667BE68CD8}.Debug|x64.ActiveCfg = Debug|x64
		{18DB77A2-BB76-4904-946D-DA667BE68CD8}.Debug|x64.Build.0 = Debug|x64
		{18DB77A2-BB76-4904-946D-DA667BE68CD8}.Debug|x86.ActiveCfg = Debug|Win32
		{18DB77A2-BB76-4904-946D-DA667BE68CD8}.Debug|x86.Build.0 = Debug|Win32
		{18DB77A2-BB76-4904-946D-DA667BE68CD8}.Release|x64.ActiveCfg = Release|x64
		{18DB77A2-BB76-4904-946D-DA667BE68CD8}.Release|x64.Build.0 = Release|x64
		{18DB77A2-BB76-4904-946D-DA667BE68CD8}.Release|x86.ActiveCfg = Release|Win32
		{18DB77A2-BB76-4904-946D-DA667BE68CD8}.Release|x86.Build.0 = Release|Win32
		{7E6713E0-B703-44AA-9770-38394EA58A29}.Debug|x64.ActiveCfg = Debug|x64
		{7E6713E0-B703-44AA-9770-38394EA58A29}.Debug|x64.Build.0 = Debug|x64
		{7E6713E0-B703-44AA-9770-38394EA58A29}.Debug|x86.ActiveCfg = Debug|Win32
		{7E6713E0-B703-44AA-9770-38394EA58A29}.Debug|x86.Build.0 = Debug|Win32
		{7E6713E0-B703-44AA-9770-38394EA58A29}.Release|x64.ActiveCfg = Release|x64
		{7E6713E0-B703-44AA-9770-38394EA58A29}.Release|x64.Build.0 = Release|x64
		{7E6713E0-B703-44AA-9770-38394EA58A29}.Release|x86.ActiveCfg = Release|Win32
		{7E6713E0-B703-44AA-9770-38394EA58A29}.Release|x86.Build.0 = Release|Win32
	EndGlobalSection
	GlobalSection(SolutionProperties) = preSolution
		HideSolutionNode = FALSE
	EndGlobalSection
EndGlobal
