
Microsoft Visual Studio Solution File, Format Version 12.00
# Visual Studio 15
VisualStudioVersion = 15.0.26228.4
MinimumVisualStudioVersion = 10.0.40219.1
Project("{8BC9CEB8-8B4A-11D0-8D11-00A0C91BC942}") = "Oversized Pancake Flipper", "Oversized Pancake Flipper\Oversized Pancake Flipper.vcxproj", "{68BDDDCC-80A3-4ED3-BAD7-911C96A2C955}"
EndProject
Project("{8BC9CEB8-8B4A-11D0-8D11-00A0C91BC942}") = "Tidy Numbers", "Tidy Numbers\Tidy Numbers.vcxproj", "{05CC6B48-E648-4BAA-8C73-86BDF273606D}"
EndProject
Project("{8BC9CEB8-8B4A-11D0-8D11-00A0C91BC942}") = "Bathroom Stalls", "Bathroom Stalls\Bathroom Stalls.vcxproj", "{54D99A5D-A368-4879-997E-591F04BBD656}"
EndProject
Global
	GlobalSection(SolutionConfigurationPlatforms) = preSolution
		Debug|x64 = Debug|x64
		Debug|x86 = Debug|x86
		Release|x64 = Release|x64
		Release|x86 = Release|x86
	EndGlobalSection
	GlobalSection(ProjectConfigurationPlatforms) = postSolution
		{68BDDDCC-80A3-4ED3-BAD7-911C96A2C955}.Debug|x64.ActiveCfg = Debug|x64
		{68BDDDCC-80A3-4ED3-BAD7-911C96A2C955}.Debug|x64.Build.0 = Debug|x64
		{68BDDDCC-80A3-4ED3-BAD7-911C96A2C955}.Debug|x86.ActiveCfg = Debug|Win32
		{68BDDDCC-80A3-4ED3-BAD7-911C96A2C955}.Debug|x86.Build.0 = Debug|Win32
		{68BDDDCC-80A3-4ED3-BAD7-911C96A2C955}.Release|x64.ActiveCfg = Release|x64
		{68BDDDCC-80A3-4ED3-BAD7-911C96A2C955}.Release|x64.Build.0 = Release|x64
		{68BDDDCC-80A3-4ED3-BAD7-911C96A2C955}.Release|x86.ActiveCfg = Release|Win32
		{68BDDDCC-80A3-4ED3-BAD7-911C96A2C955}.Release|x86.Build.0 = Release|Win32
		{05CC6B48-E648-4BAA-8C73-86BDF273606D}.Debug|x64.ActiveCfg = Debug|x64
		{05CC6B48-E648-4BAA-8C73-86BDF273606D}.Debug|x64.Build.0 = Debug|x64
		{05CC6B48-E648-4BAA-8C73-86BDF273606D}.Debug|x86.ActiveCfg = Debug|Win32
		{05CC6B48-E648-4BAA-8C73-86BDF273606D}.Debug|x86.Build.0 = Debug|Win32
		{05CC6B48-E648-4BAA-8C73-86BDF273606D}.Release|x64.ActiveCfg = Release|x64
		{05CC6B48-E648-4BAA-8C73-86BDF273606D}.Release|x64.Build.0 = Release|x64
		{05CC6B48-E648-4BAA-8C73-86BDF273606D}.Release|x86.ActiveCfg = Release|Win32
		{05CC6B48-E648-4BAA-8C73-86BDF273606D}.Release|x86.Build.0 = Release|Win32
		{54D99A5D-A368-4879-997E-591F04BBD656}.Debug|x64.ActiveCfg = Debug|x64
		{54D99A5D-A368-4879-997E-591F04BBD656}.Debug|x64.Build.0 = Debug|x64
		{54D99A5D-A368-4879-997E-591F04BBD656}.Debug|x86.ActiveCfg = Debug|Win32
		{54D99A5D-A368-4879-997E-591F04BBD656}.Debug|x86.Build.0 = Debug|Win32
		{54D99A5D-A368-4879-997E-591F04BBD656}.Release|x64.ActiveCfg = Release|x64
		{54D99A5D-A368-4879-997E-591F04BBD656}.Release|x64.Build.0 = Release|x64
		{54D99A5D-A368-4879-997E-591F04BBD656}.Release|x86.ActiveCfg = Release|Win32
		{54D99A5D-A368-4879-997E-591F04BBD656}.Release|x86.Build.0 = Release|Win32
	EndGlobalSection
	GlobalSection(SolutionProperties) = preSolution
		HideSolutionNode = FALSE
	EndGlobalSection
EndGlobal
