
Microsoft Visual Studio Solution File, Format Version 12.00
# Visual Studio 15
VisualStudioVersion = 15.0.27130.2010
MinimumVisualStudioVersion = 10.0.40219.1
Project("{8BC9CEB8-8B4A-11D0-8D11-00A0C91BC942}") = "Generate Login", "Generate Login\Generate Login.vcxproj", "{3A5BF2C3-E5F5-4D34-9B42-2C26A850EFFB}"
EndProject
Project("{8BC9CEB8-8B4A-11D0-8D11-00A0C91BC942}") = "Segments", "Segments\Segments.vcxproj", "{9D738B44-C2C9-403C-A0A8-A6B5F9604F24}"
EndProject
Project("{8BC9CEB8-8B4A-11D0-8D11-00A0C91BC942}") = "Python Indentation", "Python Indentation\Python Indentation.vcxproj", "{9B393ED5-7677-4236-8C9D-03E64A6FEF0A}"
EndProject
Project("{8BC9CEB8-8B4A-11D0-8D11-00A0C91BC942}") = "Colorful Points", "Colorful Points\Colorful Points.vcxproj", "{318401D5-CE4E-4B0F-AB63-3B8182862E65}"
EndProject
Global
	GlobalSection(SolutionConfigurationPlatforms) = preSolution
		Debug|x64 = Debug|x64
		Debug|x86 = Debug|x86
		Release|x64 = Release|x64
		Release|x86 = Release|x86
	EndGlobalSection
	GlobalSection(ProjectConfigurationPlatforms) = postSolution
		{3A5BF2C3-E5F5-4D34-9B42-2C26A850EFFB}.Debug|x64.ActiveCfg = Debug|x64
		{3A5BF2C3-E5F5-4D34-9B42-2C26A850EFFB}.Debug|x64.Build.0 = Debug|x64
		{3A5BF2C3-E5F5-4D34-9B42-2C26A850EFFB}.Debug|x86.ActiveCfg = Debug|Win32
		{3A5BF2C3-E5F5-4D34-9B42-2C26A850EFFB}.Debug|x86.Build.0 = Debug|Win32
		{3A5BF2C3-E5F5-4D34-9B42-2C26A850EFFB}.Release|x64.ActiveCfg = Release|x64
		{3A5BF2C3-E5F5-4D34-9B42-2C26A850EFFB}.Release|x64.Build.0 = Release|x64
		{3A5BF2C3-E5F5-4D34-9B42-2C26A850EFFB}.Release|x86.ActiveCfg = Release|Win32
		{3A5BF2C3-E5F5-4D34-9B42-2C26A850EFFB}.Release|x86.Build.0 = Release|Win32
		{9D738B44-C2C9-403C-A0A8-A6B5F9604F24}.Debug|x64.ActiveCfg = Debug|x64
		{9D738B44-C2C9-403C-A0A8-A6B5F9604F24}.Debug|x64.Build.0 = Debug|x64
		{9D738B44-C2C9-403C-A0A8-A6B5F9604F24}.Debug|x86.ActiveCfg = Debug|Win32
		{9D738B44-C2C9-403C-A0A8-A6B5F9604F24}.Debug|x86.Build.0 = Debug|Win32
		{9D738B44-C2C9-403C-A0A8-A6B5F9604F24}.Release|x64.ActiveCfg = Release|x64
		{9D738B44-C2C9-403C-A0A8-A6B5F9604F24}.Release|x64.Build.0 = Release|x64
		{9D738B44-C2C9-403C-A0A8-A6B5F9604F24}.Release|x86.ActiveCfg = Release|Win32
		{9D738B44-C2C9-403C-A0A8-A6B5F9604F24}.Release|x86.Build.0 = Release|Win32
		{9B393ED5-7677-4236-8C9D-03E64A6FEF0A}.Debug|x64.ActiveCfg = Debug|x64
		{9B393ED5-7677-4236-8C9D-03E64A6FEF0A}.Debug|x64.Build.0 = Debug|x64
		{9B393ED5-7677-4236-8C9D-03E64A6FEF0A}.Debug|x86.ActiveCfg = Debug|Win32
		{9B393ED5-7677-4236-8C9D-03E64A6FEF0A}.Debug|x86.Build.0 = Debug|Win32
		{9B393ED5-7677-4236-8C9D-03E64A6FEF0A}.Release|x64.ActiveCfg = Release|x64
		{9B393ED5-7677-4236-8C9D-03E64A6FEF0A}.Release|x64.Build.0 = Release|x64
		{9B393ED5-7677-4236-8C9D-03E64A6FEF0A}.Release|x86.ActiveCfg = Release|Win32
		{9B393ED5-7677-4236-8C9D-03E64A6FEF0A}.Release|x86.Build.0 = Release|Win32
		{318401D5-CE4E-4B0F-AB63-3B8182862E65}.Debug|x64.ActiveCfg = Debug|x64
		{318401D5-CE4E-4B0F-AB63-3B8182862E65}.Debug|x64.Build.0 = Debug|x64
		{318401D5-CE4E-4B0F-AB63-3B8182862E65}.Debug|x86.ActiveCfg = Debug|Win32
		{318401D5-CE4E-4B0F-AB63-3B8182862E65}.Debug|x86.Build.0 = Debug|Win32
		{318401D5-CE4E-4B0F-AB63-3B8182862E65}.Release|x64.ActiveCfg = Release|x64
		{318401D5-CE4E-4B0F-AB63-3B8182862E65}.Release|x64.Build.0 = Release|x64
		{318401D5-CE4E-4B0F-AB63-3B8182862E65}.Release|x86.ActiveCfg = Release|Win32
		{318401D5-CE4E-4B0F-AB63-3B8182862E65}.Release|x86.Build.0 = Release|Win32
	EndGlobalSection
	GlobalSection(SolutionProperties) = preSolution
		HideSolutionNode = FALSE
	EndGlobalSection
	GlobalSection(ExtensibilityGlobals) = postSolution
		SolutionGuid = {10D2629E-923F-4106-BDF7-C4CC16A28A6E}
	EndGlobalSection
EndGlobal
