
Microsoft Visual Studio Solution File, Format Version 12.00
# Visual Studio 2013
VisualStudioVersion = 12.0.31101.0
MinimumVisualStudioVersion = 10.0.40219.1
Project("{8BC9CEB8-8B4A-11D0-8D11-00A0C91BC942}") = "Mushroom Monster", "Mushroom Monster\Mushroom Monster.vcxproj", "{BE559148-5038-465E-9896-EEACE09DBDD0}"
EndProject
Project("{8BC9CEB8-8B4A-11D0-8D11-00A0C91BC942}") = "Haircut", "Haircut\Haircut.vcxproj", "{305DE75E-900B-454C-8040-800163988F6E}"
EndProject
Project("{8BC9CEB8-8B4A-11D0-8D11-00A0C91BC942}") = "Logging", "Logging\Logging.vcxproj", "{E4D6D952-BEA4-414F-BA26-843FAF8146E3}"
EndProject
Global
	GlobalSection(SolutionConfigurationPlatforms) = preSolution
		Debug|Win32 = Debug|Win32
		Release|Win32 = Release|Win32
	EndGlobalSection
	GlobalSection(ProjectConfigurationPlatforms) = postSolution
		{BE559148-5038-465E-9896-EEACE09DBDD0}.Debug|Win32.ActiveCfg = Debug|Win32
		{BE559148-5038-465E-9896-EEACE09DBDD0}.Debug|Win32.Build.0 = Debug|Win32
		{BE559148-5038-465E-9896-EEACE09DBDD0}.Release|Win32.ActiveCfg = Release|Win32
		{BE559148-5038-465E-9896-EEACE09DBDD0}.Release|Win32.Build.0 = Release|Win32
		{305DE75E-900B-454C-8040-800163988F6E}.Debug|Win32.ActiveCfg = Debug|Win32
		{305DE75E-900B-454C-8040-800163988F6E}.Debug|Win32.Build.0 = Debug|Win32
		{305DE75E-900B-454C-8040-800163988F6E}.Release|Win32.ActiveCfg = Release|Win32
		{305DE75E-900B-454C-8040-800163988F6E}.Release|Win32.Build.0 = Release|Win32
		{E4D6D952-BEA4-414F-BA26-843FAF8146E3}.Debug|Win32.ActiveCfg = Debug|Win32
		{E4D6D952-BEA4-414F-BA26-843FAF8146E3}.Debug|Win32.Build.0 = Debug|Win32
		{E4D6D952-BEA4-414F-BA26-843FAF8146E3}.Release|Win32.ActiveCfg = Release|Win32
		{E4D6D952-BEA4-414F-BA26-843FAF8146E3}.Release|Win32.Build.0 = Release|Win32
	EndGlobalSection
	GlobalSection(SolutionProperties) = preSolution
		HideSolutionNode = FALSE
	EndGlobalSection
EndGlobal
