
Microsoft Visual Studio Solution File, Format Version 12.00
# Visual Studio 14
VisualStudioVersion = 14.0.25123.0
MinimumVisualStudioVersion = 10.0.40219.1
Project("{8BC9CEB8-8B4A-11D0-8D11-00A0C91BC942}") = "Cow Dance Show", "Cow Dance Show\Cow Dance Show.vcxproj", "{C70F86F7-264D-4AF8-A586-6EAC5C4DF300}"
EndProject
Project("{8BC9CEB8-8B4A-11D0-8D11-00A0C91BC942}") = "Hoof Paper Scissors", "Hoof Paper Scissors\Hoof Paper Scissors.vcxproj", "{D2C2C9D7-4D25-4840-A030-F842DE14DA85}"
EndProject
Project("{8BC9CEB8-8B4A-11D0-8D11-00A0C91BC942}") = "Secret Cow Code", "Secret Cow Code\Secret Cow Code.vcxproj", "{CBA3AAAA-6C14-43BE-9035-E6E657C7628B}"
EndProject
Global
	GlobalSection(SolutionConfigurationPlatforms) = preSolution
		Debug|x64 = Debug|x64
		Debug|x86 = Debug|x86
		Release|x64 = Release|x64
		Release|x86 = Release|x86
	EndGlobalSection
	GlobalSection(ProjectConfigurationPlatforms) = postSolution
		{C70F86F7-264D-4AF8-A586-6EAC5C4DF300}.Debug|x64.ActiveCfg = Debug|x64
		{C70F86F7-264D-4AF8-A586-6EAC5C4DF300}.Debug|x64.Build.0 = Debug|x64
		{C70F86F7-264D-4AF8-A586-6EAC5C4DF300}.Debug|x86.ActiveCfg = Debug|Win32
		{C70F86F7-264D-4AF8-A586-6EAC5C4DF300}.Debug|x86.Build.0 = Debug|Win32
		{C70F86F7-264D-4AF8-A586-6EAC5C4DF300}.Release|x64.ActiveCfg = Release|x64
		{C70F86F7-264D-4AF8-A586-6EAC5C4DF300}.Release|x64.Build.0 = Release|x64
		{C70F86F7-264D-4AF8-A586-6EAC5C4DF300}.Release|x86.ActiveCfg = Release|Win32
		{C70F86F7-264D-4AF8-A586-6EAC5C4DF300}.Release|x86.Build.0 = Release|Win32
		{D2C2C9D7-4D25-4840-A030-F842DE14DA85}.Debug|x64.ActiveCfg = Debug|x64
		{D2C2C9D7-4D25-4840-A030-F842DE14DA85}.Debug|x64.Build.0 = Debug|x64
		{D2C2C9D7-4D25-4840-A030-F842DE14DA85}.Debug|x86.ActiveCfg = Debug|Win32
		{D2C2C9D7-4D25-4840-A030-F842DE14DA85}.Debug|x86.Build.0 = Debug|Win32
		{D2C2C9D7-4D25-4840-A030-F842DE14DA85}.Release|x64.ActiveCfg = Release|x64
		{D2C2C9D7-4D25-4840-A030-F842DE14DA85}.Release|x64.Build.0 = Release|x64
		{D2C2C9D7-4D25-4840-A030-F842DE14DA85}.Release|x86.ActiveCfg = Release|Win32
		{D2C2C9D7-4D25-4840-A030-F842DE14DA85}.Release|x86.Build.0 = Release|Win32
		{CBA3AAAA-6C14-43BE-9035-E6E657C7628B}.Debug|x64.ActiveCfg = Debug|x64
		{CBA3AAAA-6C14-43BE-9035-E6E657C7628B}.Debug|x64.Build.0 = Debug|x64
		{CBA3AAAA-6C14-43BE-9035-E6E657C7628B}.Debug|x86.ActiveCfg = Debug|Win32
		{CBA3AAAA-6C14-43BE-9035-E6E657C7628B}.Debug|x86.Build.0 = Debug|Win32
		{CBA3AAAA-6C14-43BE-9035-E6E657C7628B}.Release|x64.ActiveCfg = Release|x64
		{CBA3AAAA-6C14-43BE-9035-E6E657C7628B}.Release|x64.Build.0 = Release|x64
		{CBA3AAAA-6C14-43BE-9035-E6E657C7628B}.Release|x86.ActiveCfg = Release|Win32
		{CBA3AAAA-6C14-43BE-9035-E6E657C7628B}.Release|x86.Build.0 = Release|Win32
	EndGlobalSection
	GlobalSection(SolutionProperties) = preSolution
		HideSolutionNode = FALSE
	EndGlobalSection
EndGlobal
