
Microsoft Visual Studio Solution File, Format Version 12.00
# Visual Studio 14
VisualStudioVersion = 14.0.25123.0
MinimumVisualStudioVersion = 10.0.40219.1
Project("{8BC9CEB8-8B4A-11D0-8D11-00A0C91BC942}") = "0", "0\0.vcxproj", "{C70F86F7-264D-4AF8-A586-6EAC5C4DF300}"
EndProject
Project("{8BC9CEB8-8B4A-11D0-8D11-00A0C91BC942}") = "1", "1\1.vcxproj", "{FF403053-2012-4570-91B8-687359F97AB4}"
EndProject
Project("{8BC9CEB8-8B4A-11D0-8D11-00A0C91BC942}") = "2", "2\2.vcxproj", "{18B1B463-CD4A-4AA5-957A-892D6B2203EB}"
EndProject
Project("{8BC9CEB8-8B4A-11D0-8D11-00A0C91BC942}") = "3", "3\3.vcxproj", "{B1B79708-D43C-45D2-ABAF-A8B3B08F4049}"
EndProject
Project("{8BC9CEB8-8B4A-11D0-8D11-00A0C91BC942}") = "4", "4\4.vcxproj", "{3B4979F5-3CAD-4A4F-82AE-362873D4B30F}"
EndProject
Project("{8BC9CEB8-8B4A-11D0-8D11-00A0C91BC942}") = "5", "5\5.vcxproj", "{C99D691C-67A7-4B8C-8554-52B9E6A6336F}"
EndProject
Project("{8BC9CEB8-8B4A-11D0-8D11-00A0C91BC942}") = "1.5", "1.5\1.5.vcxproj", "{C7455B3A-C58C-4183-82B2-79EC4054177A}"
EndProject
Global
	GlobalSection(SolutionConfigurationPlatforms) = preSolution
		Debug|x64 = Debug|x64
		Debug|x86 = Debug|x86
		Release|x64 = Release|x64
		Release|x86 = Release|x86
	EndGlobalSection
	GlobalSection(ProjectConfigurationPlatforms) = postSolution
		{C70F86F7-264D-4AF8-A586-6EAC5C4DF300}.Debug|x64.ActiveCfg = Debug|x64
		{C70F86F7-264D-4AF8-A586-6EAC5C4DF300}.Debug|x64.Build.0 = Debug|x64
		{C70F86F7-264D-4AF8-A586-6EAC5C4DF300}.Debug|x86.ActiveCfg = Debug|Win32
		{C70F86F7-264D-4AF8-A586-6EAC5C4DF300}.Debug|x86.Build.0 = Debug|Win32
		{C70F86F7-264D-4AF8-A586-6EAC5C4DF300}.Release|x64.ActiveCfg = Release|x64
		{C70F86F7-264D-4AF8-A586-6EAC5C4DF300}.Release|x64.Build.0 = Release|x64
		{C70F86F7-264D-4AF8-A586-6EAC5C4DF300}.Release|x86.ActiveCfg = Release|Win32
		{C70F86F7-264D-4AF8-A586-6EAC5C4DF300}.Release|x86.Build.0 = Release|Win32
		{FF403053-2012-4570-91B8-687359F97AB4}.Debug|x64.ActiveCfg = Debug|x64
		{FF403053-2012-4570-91B8-687359F97AB4}.Debug|x64.Build.0 = Debug|x64
		{FF403053-2012-4570-91B8-687359F97AB4}.Debug|x86.ActiveCfg = Debug|Win32
		{FF403053-2012-4570-91B8-687359F97AB4}.Debug|x86.Build.0 = Debug|Win32
		{FF403053-2012-4570-91B8-687359F97AB4}.Release|x64.ActiveCfg = Release|x64
		{FF403053-2012-4570-91B8-687359F97AB4}.Release|x64.Build.0 = Release|x64
		{FF403053-2012-4570-91B8-687359F97AB4}.Release|x86.ActiveCfg = Release|Win32
		{FF403053-2012-4570-91B8-687359F97AB4}.Release|x86.Build.0 = Release|Win32
		{18B1B463-CD4A-4AA5-957A-892D6B2203EB}.Debug|x64.ActiveCfg = Debug|x64
		{18B1B463-CD4A-4AA5-957A-892D6B2203EB}.Debug|x64.Build.0 = Debug|x64
		{18B1B463-CD4A-4AA5-957A-892D6B2203EB}.Debug|x86.ActiveCfg = Debug|Win32
		{18B1B463-CD4A-4AA5-957A-892D6B2203EB}.Debug|x86.Build.0 = Debug|Win32
		{18B1B463-CD4A-4AA5-957A-892D6B2203EB}.Release|x64.ActiveCfg = Release|x64
		{18B1B463-CD4A-4AA5-957A-892D6B2203EB}.Release|x64.Build.0 = Release|x64
		{18B1B463-CD4A-4AA5-957A-892D6B2203EB}.Release|x86.ActiveCfg = Release|Win32
		{18B1B463-CD4A-4AA5-957A-892D6B2203EB}.Release|x86.Build.0 = Release|Win32
		{B1B79708-D43C-45D2-ABAF-A8B3B08F4049}.Debug|x64.ActiveCfg = Debug|x64
		{B1B79708-D43C-45D2-ABAF-A8B3B08F4049}.Debug|x64.Build.0 = Debug|x64
		{B1B79708-D43C-45D2-ABAF-A8B3B08F4049}.Debug|x86.ActiveCfg = Debug|Win32
		{B1B79708-D43C-45D2-ABAF-A8B3B08F4049}.Debug|x86.Build.0 = Debug|Win32
		{B1B79708-D43C-45D2-ABAF-A8B3B08F4049}.Release|x64.ActiveCfg = Release|x64
		{B1B79708-D43C-45D2-ABAF-A8B3B08F4049}.Release|x64.Build.0 = Release|x64
		{B1B79708-D43C-45D2-ABAF-A8B3B08F4049}.Release|x86.ActiveCfg = Release|Win32
		{B1B79708-D43C-45D2-ABAF-A8B3B08F4049}.Release|x86.Build.0 = Release|Win32
		{3B4979F5-3CAD-4A4F-82AE-362873D4B30F}.Debug|x64.ActiveCfg = Debug|x64
		{3B4979F5-3CAD-4A4F-82AE-362873D4B30F}.Debug|x64.Build.0 = Debug|x64
		{3B4979F5-3CAD-4A4F-82AE-362873D4B30F}.Debug|x86.ActiveCfg = Debug|Win32
		{3B4979F5-3CAD-4A4F-82AE-362873D4B30F}.Debug|x86.Build.0 = Debug|Win32
		{3B4979F5-3CAD-4A4F-82AE-362873D4B30F}.Release|x64.ActiveCfg = Release|x64
		{3B4979F5-3CAD-4A4F-82AE-362873D4B30F}.Release|x64.Build.0 = Release|x64
		{3B4979F5-3CAD-4A4F-82AE-362873D4B30F}.Release|x86.ActiveCfg = Release|Win32
		{3B4979F5-3CAD-4A4F-82AE-362873D4B30F}.Release|x86.Build.0 = Release|Win32
		{C99D691C-67A7-4B8C-8554-52B9E6A6336F}.Debug|x64.ActiveCfg = Debug|x64
		{C99D691C-67A7-4B8C-8554-52B9E6A6336F}.Debug|x64.Build.0 = Debug|x64
		{C99D691C-67A7-4B8C-8554-52B9E6A6336F}.Debug|x86.ActiveCfg = Debug|Win32
		{C99D691C-67A7-4B8C-8554-52B9E6A6336F}.Debug|x86.Build.0 = Debug|Win32
		{C99D691C-67A7-4B8C-8554-52B9E6A6336F}.Release|x64.ActiveCfg = Release|x64
		{C99D691C-67A7-4B8C-8554-52B9E6A6336F}.Release|x64.Build.0 = Release|x64
		{C99D691C-67A7-4B8C-8554-52B9E6A6336F}.Release|x86.ActiveCfg = Release|Win32
		{C99D691C-67A7-4B8C-8554-52B9E6A6336F}.Release|x86.Build.0 = Release|Win32
		{C7455B3A-C58C-4183-82B2-79EC4054177A}.Debug|x64.ActiveCfg = Debug|x64
		{C7455B3A-C58C-4183-82B2-79EC4054177A}.Debug|x64.Build.0 = Debug|x64
		{C7455B3A-C58C-4183-82B2-79EC4054177A}.Debug|x86.ActiveCfg = Debug|Win32
		{C7455B3A-C58C-4183-82B2-79EC4054177A}.Debug|x86.Build.0 = Debug|Win32
		{C7455B3A-C58C-4183-82B2-79EC4054177A}.Release|x64.ActiveCfg = Release|x64
		{C7455B3A-C58C-4183-82B2-79EC4054177A}.Release|x64.Build.0 = Release|x64
		{C7455B3A-C58C-4183-82B2-79EC4054177A}.Release|x86.ActiveCfg = Release|Win32
		{C7455B3A-C58C-4183-82B2-79EC4054177A}.Release|x86.Build.0 = Release|Win32
	EndGlobalSection
	GlobalSection(SolutionProperties) = preSolution
		HideSolutionNode = FALSE
	EndGlobalSection
EndGlobal
