
Microsoft Visual Studio Solution File, Format Version 12.00
# Visual Studio 15
VisualStudioVersion = 15.0.26730.3
MinimumVisualStudioVersion = 10.0.40219.1
Project("{8BC9CEB8-8B4A-11D0-8D11-00A0C91BC942}") = "Diary", "Diary\Diary.vcxproj", "{BCBDD023-44BD-497F-AC84-7057FD8BFAFA}"
EndProject
Project("{8BC9CEB8-8B4A-11D0-8D11-00A0C91BC942}") = "Ring", "Ring\Ring.vcxproj", "{6F3ABD4C-9EEF-45D6-8493-46DD50C7D68F}"
EndProject
Project("{8BC9CEB8-8B4A-11D0-8D11-00A0C91BC942}") = "Cup", "Cup\Cup.vcxproj", "{74942D15-CC46-4B2C-9C4A-159E73E30803}"
EndProject
Global
	GlobalSection(SolutionConfigurationPlatforms) = preSolution
		Debug|x64 = Debug|x64
		Debug|x86 = Debug|x86
		Release|x64 = Release|x64
		Release|x86 = Release|x86
	EndGlobalSection
	GlobalSection(ProjectConfigurationPlatforms) = postSolution
		{BCBDD023-44BD-497F-AC84-7057FD8BFAFA}.Debug|x64.ActiveCfg = Debug|x64
		{BCBDD023-44BD-497F-AC84-7057FD8BFAFA}.Debug|x64.Build.0 = Debug|x64
		{BCBDD023-44BD-497F-AC84-7057FD8BFAFA}.Debug|x86.ActiveCfg = Debug|Win32
		{BCBDD023-44BD-497F-AC84-7057FD8BFAFA}.Debug|x86.Build.0 = Debug|Win32
		{BCBDD023-44BD-497F-AC84-7057FD8BFAFA}.Release|x64.ActiveCfg = Release|x64
		{BCBDD023-44BD-497F-AC84-7057FD8BFAFA}.Release|x64.Build.0 = Release|x64
		{BCBDD023-44BD-497F-AC84-7057FD8BFAFA}.Release|x86.ActiveCfg = Release|Win32
		{BCBDD023-44BD-497F-AC84-7057FD8BFAFA}.Release|x86.Build.0 = Release|Win32
		{6F3ABD4C-9EEF-45D6-8493-46DD50C7D68F}.Debug|x64.ActiveCfg = Debug|x64
		{6F3ABD4C-9EEF-45D6-8493-46DD50C7D68F}.Debug|x64.Build.0 = Debug|x64
		{6F3ABD4C-9EEF-45D6-8493-46DD50C7D68F}.Debug|x86.ActiveCfg = Debug|Win32
		{6F3ABD4C-9EEF-45D6-8493-46DD50C7D68F}.Debug|x86.Build.0 = Debug|Win32
		{6F3ABD4C-9EEF-45D6-8493-46DD50C7D68F}.Release|x64.ActiveCfg = Release|x64
		{6F3ABD4C-9EEF-45D6-8493-46DD50C7D68F}.Release|x64.Build.0 = Release|x64
		{6F3ABD4C-9EEF-45D6-8493-46DD50C7D68F}.Release|x86.ActiveCfg = Release|Win32
		{6F3ABD4C-9EEF-45D6-8493-46DD50C7D68F}.Release|x86.Build.0 = Release|Win32
		{74942D15-CC46-4B2C-9C4A-159E73E30803}.Debug|x64.ActiveCfg = Debug|x64
		{74942D15-CC46-4B2C-9C4A-159E73E30803}.Debug|x64.Build.0 = Debug|x64
		{74942D15-CC46-4B2C-9C4A-159E73E30803}.Debug|x86.ActiveCfg = Debug|Win32
		{74942D15-CC46-4B2C-9C4A-159E73E30803}.Debug|x86.Build.0 = Debug|Win32
		{74942D15-CC46-4B2C-9C4A-159E73E30803}.Release|x64.ActiveCfg = Release|x64
		{74942D15-CC46-4B2C-9C4A-159E73E30803}.Release|x64.Build.0 = Release|x64
		{74942D15-CC46-4B2C-9C4A-159E73E30803}.Release|x86.ActiveCfg = Release|Win32
		{74942D15-CC46-4B2C-9C4A-159E73E30803}.Release|x86.Build.0 = Release|Win32
	EndGlobalSection
	GlobalSection(SolutionProperties) = preSolution
		HideSolutionNode = FALSE
	EndGlobalSection
	GlobalSection(ExtensibilityGlobals) = postSolution
		SolutionGuid = {E2A6C02C-69D4-429E-93CA-1189C7B6E36F}
	EndGlobalSection
EndGlobal
