
Microsoft Visual Studio Solution File, Format Version 12.00
# Visual Studio 15
VisualStudioVersion = 15.0.26430.6
MinimumVisualStudioVersion = 10.0.40219.1
Project("{8BC9CEB8-8B4A-11D0-8D11-00A0C91BC942}") = "Next Dance Move", "Next Dance Move\Next Dance Move.vcxproj", "{5133AA1E-D3F7-4A1E-9F59-F8023BF22343}"
EndProject
Project("{8BC9CEB8-8B4A-11D0-8D11-00A0C91BC942}") = "Food Pairing", "Food Pairing\Food Pairing.vcxproj", "{C2D28420-8685-4A5B-B958-1A465375B6AA}"
EndProject
Project("{8BC9CEB8-8B4A-11D0-8D11-00A0C91BC942}") = "Subarray Partition", "Subarray Partition\Subarray Partition.vcxproj", "{71F75618-382E-41CE-ADEA-A01F6A69626A}"
EndProject
Project("{8BC9CEB8-8B4A-11D0-8D11-00A0C91BC942}") = "Frac1", "Frac1\Frac1.vcxproj", "{52022F80-8D33-4DEA-941D-9FD366913984}"
EndProject
Global
	GlobalSection(SolutionConfigurationPlatforms) = preSolution
		Debug|x64 = Debug|x64
		Debug|x86 = Debug|x86
		Release|x64 = Release|x64
		Release|x86 = Release|x86
	EndGlobalSection
	GlobalSection(ProjectConfigurationPlatforms) = postSolution
		{5133AA1E-D3F7-4A1E-9F59-F8023BF22343}.Debug|x64.ActiveCfg = Debug|x64
		{5133AA1E-D3F7-4A1E-9F59-F8023BF22343}.Debug|x64.Build.0 = Debug|x64
		{5133AA1E-D3F7-4A1E-9F59-F8023BF22343}.Debug|x86.ActiveCfg = Debug|Win32
		{5133AA1E-D3F7-4A1E-9F59-F8023BF22343}.Debug|x86.Build.0 = Debug|Win32
		{5133AA1E-D3F7-4A1E-9F59-F8023BF22343}.Release|x64.ActiveCfg = Release|x64
		{5133AA1E-D3F7-4A1E-9F59-F8023BF22343}.Release|x64.Build.0 = Release|x64
		{5133AA1E-D3F7-4A1E-9F59-F8023BF22343}.Release|x86.ActiveCfg = Release|Win32
		{5133AA1E-D3F7-4A1E-9F59-F8023BF22343}.Release|x86.Build.0 = Release|Win32
		{C2D28420-8685-4A5B-B958-1A465375B6AA}.Debug|x64.ActiveCfg = Debug|x64
		{C2D28420-8685-4A5B-B958-1A465375B6AA}.Debug|x64.Build.0 = Debug|x64
		{C2D28420-8685-4A5B-B958-1A465375B6AA}.Debug|x86.ActiveCfg = Debug|Win32
		{C2D28420-8685-4A5B-B958-1A465375B6AA}.Debug|x86.Build.0 = Debug|Win32
		{C2D28420-8685-4A5B-B958-1A465375B6AA}.Release|x64.ActiveCfg = Release|x64
		{C2D28420-8685-4A5B-B958-1A465375B6AA}.Release|x64.Build.0 = Release|x64
		{C2D28420-8685-4A5B-B958-1A465375B6AA}.Release|x86.ActiveCfg = Release|Win32
		{C2D28420-8685-4A5B-B958-1A465375B6AA}.Release|x86.Build.0 = Release|Win32
		{71F75618-382E-41CE-ADEA-A01F6A69626A}.Debug|x64.ActiveCfg = Debug|x64
		{71F75618-382E-41CE-ADEA-A01F6A69626A}.Debug|x64.Build.0 = Debug|x64
		{71F75618-382E-41CE-ADEA-A01F6A69626A}.Debug|x86.ActiveCfg = Debug|Win32
		{71F75618-382E-41CE-ADEA-A01F6A69626A}.Debug|x86.Build.0 = Debug|Win32
		{71F75618-382E-41CE-ADEA-A01F6A69626A}.Release|x64.ActiveCfg = Release|x64
		{71F75618-382E-41CE-ADEA-A01F6A69626A}.Release|x64.Build.0 = Release|x64
		{71F75618-382E-41CE-ADEA-A01F6A69626A}.Release|x86.ActiveCfg = Release|Win32
		{71F75618-382E-41CE-ADEA-A01F6A69626A}.Release|x86.Build.0 = Release|Win32
		{52022F80-8D33-4DEA-941D-9FD366913984}.Debug|x64.ActiveCfg = Debug|x64
		{52022F80-8D33-4DEA-941D-9FD366913984}.Debug|x64.Build.0 = Debug|x64
		{52022F80-8D33-4DEA-941D-9FD366913984}.Debug|x86.ActiveCfg = Debug|Win32
		{52022F80-8D33-4DEA-941D-9FD366913984}.Debug|x86.Build.0 = Debug|Win32
		{52022F80-8D33-4DEA-941D-9FD366913984}.Release|x64.ActiveCfg = Release|x64
		{52022F80-8D33-4DEA-941D-9FD366913984}.Release|x64.Build.0 = Release|x64
		{52022F80-8D33-4DEA-941D-9FD366913984}.Release|x86.ActiveCfg = Release|Win32
		{52022F80-8D33-4DEA-941D-9FD366913984}.Release|x86.Build.0 = Release|Win32
	EndGlobalSection
	GlobalSection(SolutionProperties) = preSolution
		HideSolutionNode = FALSE
	EndGlobalSection
EndGlobal
