
Microsoft Visual Studio Solution File, Format Version 12.00
# Visual Studio 15
VisualStudioVersion = 15.0.26228.4
MinimumVisualStudioVersion = 10.0.40219.1
Project("{8BC9CEB8-8B4A-11D0-8D11-00A0C91BC942}") = "Maximal Binary Matrix", "Maximal Binary Matrix\Maximal Binary Matrix.vcxproj", "{FC5D41FC-36E8-48CA-A3F8-C7B4CC858A2D}"
EndProject
Project("{8BC9CEB8-8B4A-11D0-8D11-00A0C91BC942}") = "Distances to Zero", "Distances to Zero\Distances to Zero.vcxproj", "{B24929A8-E0E7-4C8E-AA24-61929CE19458}"
EndProject
Project("{8BC9CEB8-8B4A-11D0-8D11-00A0C91BC942}") = "Maximal GCD", "Maximal GCD\Maximal GCD.vcxproj", "{F106FEF0-D3ED-4675-926B-1B955BCAFF31}"
EndProject
Project("{8BC9CEB8-8B4A-11D0-8D11-00A0C91BC942}") = "Magazine Ad", "Magazine Ad\Magazine Ad.vcxproj", "{FD9D599A-BA6E-47FB-9BAD-2336164F3C71}"
EndProject
Project("{8BC9CEB8-8B4A-11D0-8D11-00A0C91BC942}") = "Roma and Poker", "Roma and Poker\Roma and Poker.vcxproj", "{F5ECA101-8F90-4E74-8275-517B8246726E}"
EndProject
Global
	GlobalSection(SolutionConfigurationPlatforms) = preSolution
		Debug|x64 = Debug|x64
		Debug|x86 = Debug|x86
		Release|x64 = Release|x64
		Release|x86 = Release|x86
	EndGlobalSection
	GlobalSection(ProjectConfigurationPlatforms) = postSolution
		{FC5D41FC-36E8-48CA-A3F8-C7B4CC858A2D}.Debug|x64.ActiveCfg = Debug|x64
		{FC5D41FC-36E8-48CA-A3F8-C7B4CC858A2D}.Debug|x64.Build.0 = Debug|x64
		{FC5D41FC-36E8-48CA-A3F8-C7B4CC858A2D}.Debug|x86.ActiveCfg = Debug|Win32
		{FC5D41FC-36E8-48CA-A3F8-C7B4CC858A2D}.Debug|x86.Build.0 = Debug|Win32
		{FC5D41FC-36E8-48CA-A3F8-C7B4CC858A2D}.Release|x64.ActiveCfg = Release|x64
		{FC5D41FC-36E8-48CA-A3F8-C7B4CC858A2D}.Release|x64.Build.0 = Release|x64
		{FC5D41FC-36E8-48CA-A3F8-C7B4CC858A2D}.Release|x86.ActiveCfg = Release|Win32
		{FC5D41FC-36E8-48CA-A3F8-C7B4CC858A2D}.Release|x86.Build.0 = Release|Win32
		{B24929A8-E0E7-4C8E-AA24-61929CE19458}.Debug|x64.ActiveCfg = Debug|x64
		{B24929A8-E0E7-4C8E-AA24-61929CE19458}.Debug|x64.Build.0 = Debug|x64
		{B24929A8-E0E7-4C8E-AA24-61929CE19458}.Debug|x86.ActiveCfg = Debug|Win32
		{B24929A8-E0E7-4C8E-AA24-61929CE19458}.Debug|x86.Build.0 = Debug|Win32
		{B24929A8-E0E7-4C8E-AA24-61929CE19458}.Release|x64.ActiveCfg = Release|x64
		{B24929A8-E0E7-4C8E-AA24-61929CE19458}.Release|x64.Build.0 = Release|x64
		{B24929A8-E0E7-4C8E-AA24-61929CE19458}.Release|x86.ActiveCfg = Release|Win32
		{B24929A8-E0E7-4C8E-AA24-61929CE19458}.Release|x86.Build.0 = Release|Win32
		{F106FEF0-D3ED-4675-926B-1B955BCAFF31}.Debug|x64.ActiveCfg = Debug|x64
		{F106FEF0-D3ED-4675-926B-1B955BCAFF31}.Debug|x64.Build.0 = Debug|x64
		{F106FEF0-D3ED-4675-926B-1B955BCAFF31}.Debug|x86.ActiveCfg = Debug|Win32
		{F106FEF0-D3ED-4675-926B-1B955BCAFF31}.Debug|x86.Build.0 = Debug|Win32
		{F106FEF0-D3ED-4675-926B-1B955BCAFF31}.Release|x64.ActiveCfg = Release|x64
		{F106FEF0-D3ED-4675-926B-1B955BCAFF31}.Release|x64.Build.0 = Release|x64
		{F106FEF0-D3ED-4675-926B-1B955BCAFF31}.Release|x86.ActiveCfg = Release|Win32
		{F106FEF0-D3ED-4675-926B-1B955BCAFF31}.Release|x86.Build.0 = Release|Win32
		{FD9D599A-BA6E-47FB-9BAD-2336164F3C71}.Debug|x64.ActiveCfg = Debug|x64
		{FD9D599A-BA6E-47FB-9BAD-2336164F3C71}.Debug|x64.Build.0 = Debug|x64
		{FD9D599A-BA6E-47FB-9BAD-2336164F3C71}.Debug|x86.ActiveCfg = Debug|Win32
		{FD9D599A-BA6E-47FB-9BAD-2336164F3C71}.Debug|x86.Build.0 = Debug|Win32
		{FD9D599A-BA6E-47FB-9BAD-2336164F3C71}.Release|x64.ActiveCfg = Release|x64
		{FD9D599A-BA6E-47FB-9BAD-2336164F3C71}.Release|x64.Build.0 = Release|x64
		{FD9D599A-BA6E-47FB-9BAD-2336164F3C71}.Release|x86.ActiveCfg = Release|Win32
		{FD9D599A-BA6E-47FB-9BAD-2336164F3C71}.Release|x86.Build.0 = Release|Win32
		{F5ECA101-8F90-4E74-8275-517B8246726E}.Debug|x64.ActiveCfg = Debug|x64
		{F5ECA101-8F90-4E74-8275-517B8246726E}.Debug|x64.Build.0 = Debug|x64
		{F5ECA101-8F90-4E74-8275-517B8246726E}.Debug|x86.ActiveCfg = Debug|Win32
		{F5ECA101-8F90-4E74-8275-517B8246726E}.Debug|x86.Build.0 = Debug|Win32
		{F5ECA101-8F90-4E74-8275-517B8246726E}.Release|x64.ActiveCfg = Release|x64
		{F5ECA101-8F90-4E74-8275-517B8246726E}.Release|x64.Build.0 = Release|x64
		{F5ECA101-8F90-4E74-8275-517B8246726E}.Release|x86.ActiveCfg = Release|Win32
		{F5ECA101-8F90-4E74-8275-517B8246726E}.Release|x86.Build.0 = Release|Win32
	EndGlobalSection
	GlobalSection(SolutionProperties) = preSolution
		HideSolutionNode = FALSE
	EndGlobalSection
EndGlobal
