
Microsoft Visual Studio Solution File, Format Version 12.00
# Visual Studio 2013
VisualStudioVersion = 12.0.31101.0
MinimumVisualStudioVersion = 10.0.40219.1
Project("{8BC9CEB8-8B4A-11D0-8D11-00A0C91BC942}") = "Contest", "Contest\Contest.vcxproj", "{804A4105-4929-46BE-B214-44C5A22B59B2}"
EndProject
Project("{8BC9CEB8-8B4A-11D0-8D11-00A0C91BC942}") = "Misha and Changing Handles", "Misha and Changing Handles\Misha and Changing Handles.vcxproj", "{5EFDD9F7-C9F0-4465-A391-322B1E71F2C5}"
EndProject
Project("{8BC9CEB8-8B4A-11D0-8D11-00A0C91BC942}") = "Misha and Forest", "Misha and Forest\Misha and Forest.vcxproj", "{89B7EE70-6A27-4331-8BA6-788920A13CEE}"
EndProject
Global
	GlobalSection(SolutionConfigurationPlatforms) = preSolution
		Debug|Win32 = Debug|Win32
		Release|Win32 = Release|Win32
	EndGlobalSection
	GlobalSection(ProjectConfigurationPlatforms) = postSolution
		{804A4105-4929-46BE-B214-44C5A22B59B2}.Debug|Win32.ActiveCfg = Debug|Win32
		{804A4105-4929-46BE-B214-44C5A22B59B2}.Debug|Win32.Build.0 = Debug|Win32
		{804A4105-4929-46BE-B214-44C5A22B59B2}.Release|Win32.ActiveCfg = Release|Win32
		{804A4105-4929-46BE-B214-44C5A22B59B2}.Release|Win32.Build.0 = Release|Win32
		{5EFDD9F7-C9F0-4465-A391-322B1E71F2C5}.Debug|Win32.ActiveCfg = Debug|Win32
		{5EFDD9F7-C9F0-4465-A391-322B1E71F2C5}.Debug|Win32.Build.0 = Debug|Win32
		{5EFDD9F7-C9F0-4465-A391-322B1E71F2C5}.Release|Win32.ActiveCfg = Release|Win32
		{5EFDD9F7-C9F0-4465-A391-322B1E71F2C5}.Release|Win32.Build.0 = Release|Win32
		{89B7EE70-6A27-4331-8BA6-788920A13CEE}.Debug|Win32.ActiveCfg = Debug|Win32
		{89B7EE70-6A27-4331-8BA6-788920A13CEE}.Debug|Win32.Build.0 = Debug|Win32
		{89B7EE70-6A27-4331-8BA6-788920A13CEE}.Release|Win32.ActiveCfg = Release|Win32
		{89B7EE70-6A27-4331-8BA6-788920A13CEE}.Release|Win32.Build.0 = Release|Win32
	EndGlobalSection
	GlobalSection(SolutionProperties) = preSolution
		HideSolutionNode = FALSE
	EndGlobalSection
EndGlobal
