
Microsoft Visual Studio Solution File, Format Version 12.00
# Visual Studio 2013
VisualStudioVersion = 12.0.31101.0
MinimumVisualStudioVersion = 10.0.40219.1
Project("{8BC9CEB8-8B4A-11D0-8D11-00A0C91BC942}") = "Cow Curling", "Cow Curling\Cow Curling.vcxproj", "{3BA49CB3-C0A3-4CA2-A370-0AC78E5E4EB2}"
EndProject
Project("{8BC9CEB8-8B4A-11D0-8D11-00A0C91BC942}") = "Building a Ski Course", "Building a Ski Course\Building a Ski Course.vcxproj", "{B51473D3-0A8C-4747-8F07-DB36D536A8DB}"
EndProject
Project("{8BC9CEB8-8B4A-11D0-8D11-00A0C91BC942}") = "Ski Course Rating", "Ski Course Rating\Ski Course Rating.vcxproj", "{E5C7F0E3-33DB-42A1-A0AD-F4270F015D25}"
EndProject
Global
	GlobalSection(SolutionConfigurationPlatforms) = preSolution
		Debug|Win32 = Debug|Win32
		Release|Win32 = Release|Win32
	EndGlobalSection
	GlobalSection(ProjectConfigurationPlatforms) = postSolution
		{3BA49CB3-C0A3-4CA2-A370-0AC78E5E4EB2}.Debug|Win32.ActiveCfg = Debug|Win32
		{3BA49CB3-C0A3-4CA2-A370-0AC78E5E4EB2}.Debug|Win32.Build.0 = Debug|Win32
		{3BA49CB3-C0A3-4CA2-A370-0AC78E5E4EB2}.Release|Win32.ActiveCfg = Release|Win32
		{3BA49CB3-C0A3-4CA2-A370-0AC78E5E4EB2}.Release|Win32.Build.0 = Release|Win32
		{B51473D3-0A8C-4747-8F07-DB36D536A8DB}.Debug|Win32.ActiveCfg = Debug|Win32
		{B51473D3-0A8C-4747-8F07-DB36D536A8DB}.Debug|Win32.Build.0 = Debug|Win32
		{B51473D3-0A8C-4747-8F07-DB36D536A8DB}.Release|Win32.ActiveCfg = Release|Win32
		{B51473D3-0A8C-4747-8F07-DB36D536A8DB}.Release|Win32.Build.0 = Release|Win32
		{E5C7F0E3-33DB-42A1-A0AD-F4270F015D25}.Debug|Win32.ActiveCfg = Debug|Win32
		{E5C7F0E3-33DB-42A1-A0AD-F4270F015D25}.Debug|Win32.Build.0 = Debug|Win32
		{E5C7F0E3-33DB-42A1-A0AD-F4270F015D25}.Release|Win32.ActiveCfg = Release|Win32
		{E5C7F0E3-33DB-42A1-A0AD-F4270F015D25}.Release|Win32.Build.0 = Release|Win32
	EndGlobalSection
	GlobalSection(SolutionProperties) = preSolution
		HideSolutionNode = FALSE
	EndGlobalSection
EndGlobal
