
Microsoft Visual Studio Solution File, Format Version 12.00
# Visual Studio 15
VisualStudioVersion = 15.0.26228.4
MinimumVisualStudioVersion = 10.0.40219.1
Project("{8BC9CEB8-8B4A-11D0-8D11-00A0C91BC942}") = "Cow Tuning", "Cow Tuning\Cow Tuning.vcxproj", "{B15DF83D-280C-4AA9-92D3-A1E6CC1C1717}"
EndProject
Project("{8BC9CEB8-8B4A-11D0-8D11-00A0C91BC942}") = "Stock Trading", "Stock Trading\Stock Trading.vcxproj", "{DE3FEC1C-6832-44FE-B717-A30CB6A4C9B8}"
EndProject
Global
	GlobalSection(SolutionConfigurationPlatforms) = preSolution
		Debug|x64 = Debug|x64
		Debug|x86 = Debug|x86
		Release|x64 = Release|x64
		Release|x86 = Release|x86
	EndGlobalSection
	GlobalSection(ProjectConfigurationPlatforms) = postSolution
		{B15DF83D-280C-4AA9-92D3-A1E6CC1C1717}.Debug|x64.ActiveCfg = Debug|x64
		{B15DF83D-280C-4AA9-92D3-A1E6CC1C1717}.Debug|x64.Build.0 = Debug|x64
		{B15DF83D-280C-4AA9-92D3-A1E6CC1C1717}.Debug|x86.ActiveCfg = Debug|Win32
		{B15DF83D-280C-4AA9-92D3-A1E6CC1C1717}.Debug|x86.Build.0 = Debug|Win32
		{B15DF83D-280C-4AA9-92D3-A1E6CC1C1717}.Release|x64.ActiveCfg = Release|x64
		{B15DF83D-280C-4AA9-92D3-A1E6CC1C1717}.Release|x64.Build.0 = Release|x64
		{B15DF83D-280C-4AA9-92D3-A1E6CC1C1717}.Release|x86.ActiveCfg = Release|Win32
		{B15DF83D-280C-4AA9-92D3-A1E6CC1C1717}.Release|x86.Build.0 = Release|Win32
		{DE3FEC1C-6832-44FE-B717-A30CB6A4C9B8}.Debug|x64.ActiveCfg = Debug|x64
		{DE3FEC1C-6832-44FE-B717-A30CB6A4C9B8}.Debug|x64.Build.0 = Debug|x64
		{DE3FEC1C-6832-44FE-B717-A30CB6A4C9B8}.Debug|x86.ActiveCfg = Debug|Win32
		{DE3FEC1C-6832-44FE-B717-A30CB6A4C9B8}.Debug|x86.Build.0 = Debug|Win32
		{DE3FEC1C-6832-44FE-B717-A30CB6A4C9B8}.Release|x64.ActiveCfg = Release|x64
		{DE3FEC1C-6832-44FE-B717-A30CB6A4C9B8}.Release|x64.Build.0 = Release|x64
		{DE3FEC1C-6832-44FE-B717-A30CB6A4C9B8}.Release|x86.ActiveCfg = Release|Win32
		{DE3FEC1C-6832-44FE-B717-A30CB6A4C9B8}.Release|x86.Build.0 = Release|Win32
	EndGlobalSection
	GlobalSection(SolutionProperties) = preSolution
		HideSolutionNode = FALSE
	EndGlobalSection
EndGlobal
