
Microsoft Visual Studio Solution File, Format Version 12.00
# Visual Studio 15
VisualStudioVersion = 15.0.26228.4
MinimumVisualStudioVersion = 10.0.40219.1
Project("{8BC9CEB8-8B4A-11D0-8D11-00A0C91BC942}") = "Vera and Trail Building", "Vera and Trail Building\Vera and Trail Building.vcxproj", "{A1BEDFB1-E138-4A87-8847-0F25F0F19C58}"
EndProject
Project("{8BC9CEB8-8B4A-11D0-8D11-00A0C91BC942}") = "Cartesian Conquest", "Cartesian Conquest\Cartesian Conquest.vcxproj", "{48F8E556-2F7C-4E94-9A7A-F2C2748C95F4}"
EndProject
Global
	GlobalSection(SolutionConfigurationPlatforms) = preSolution
		Debug|x64 = Debug|x64
		Debug|x86 = Debug|x86
		Release|x64 = Release|x64
		Release|x86 = Release|x86
	EndGlobalSection
	GlobalSection(ProjectConfigurationPlatforms) = postSolution
		{A1BEDFB1-E138-4A87-8847-0F25F0F19C58}.Debug|x64.ActiveCfg = Debug|x64
		{A1BEDFB1-E138-4A87-8847-0F25F0F19C58}.Debug|x64.Build.0 = Debug|x64
		{A1BEDFB1-E138-4A87-8847-0F25F0F19C58}.Debug|x86.ActiveCfg = Debug|Win32
		{A1BEDFB1-E138-4A87-8847-0F25F0F19C58}.Debug|x86.Build.0 = Debug|Win32
		{A1BEDFB1-E138-4A87-8847-0F25F0F19C58}.Release|x64.ActiveCfg = Release|x64
		{A1BEDFB1-E138-4A87-8847-0F25F0F19C58}.Release|x64.Build.0 = Release|x64
		{A1BEDFB1-E138-4A87-8847-0F25F0F19C58}.Release|x86.ActiveCfg = Release|Win32
		{A1BEDFB1-E138-4A87-8847-0F25F0F19C58}.Release|x86.Build.0 = Release|Win32
		{48F8E556-2F7C-4E94-9A7A-F2C2748C95F4}.Debug|x64.ActiveCfg = Debug|x64
		{48F8E556-2F7C-4E94-9A7A-F2C2748C95F4}.Debug|x64.Build.0 = Debug|x64
		{48F8E556-2F7C-4E94-9A7A-F2C2748C95F4}.Debug|x86.ActiveCfg = Debug|Win32
		{48F8E556-2F7C-4E94-9A7A-F2C2748C95F4}.Debug|x86.Build.0 = Debug|Win32
		{48F8E556-2F7C-4E94-9A7A-F2C2748C95F4}.Release|x64.ActiveCfg = Release|x64
		{48F8E556-2F7C-4E94-9A7A-F2C2748C95F4}.Release|x64.Build.0 = Release|x64
		{48F8E556-2F7C-4E94-9A7A-F2C2748C95F4}.Release|x86.ActiveCfg = Release|Win32
		{48F8E556-2F7C-4E94-9A7A-F2C2748C95F4}.Release|x86.Build.0 = Release|Win32
	EndGlobalSection
	GlobalSection(SolutionProperties) = preSolution
		HideSolutionNode = FALSE
	EndGlobalSection
EndGlobal
