
Microsoft Visual Studio Solution File, Format Version 12.00
# Visual Studio 15
VisualStudioVersion = 15.0.27130.2010
MinimumVisualStudioVersion = 10.0.40219.1
Project("{8BC9CEB8-8B4A-11D0-8D11-00A0C91BC942}") = "Template", "Template\Template.vcxproj", "{C70F86F7-264D-4AF8-A586-6EAC5C4DF300}"
EndProject
Project("{8BC9CEB8-8B4A-11D0-8D11-00A0C91BC942}") = "test2", "test2\test2.vcxproj", "{6CC0977F-41B9-4E22-A22D-8BB176AA4555}"
EndProject
Project("{8BC9CEB8-8B4A-11D0-8D11-00A0C91BC942}") = "test3", "test3\test3.vcxproj", "{BCBB10D0-BD99-4B07-8FFF-8F6FBE7C863B}"
EndProject
Project("{8BC9CEB8-8B4A-11D0-8D11-00A0C91BC942}") = "test4", "test4\test4.vcxproj", "{9A3D0C12-7F3C-42C4-8AC4-65BF857ABC8D}"
EndProject
Global
	GlobalSection(SolutionConfigurationPlatforms) = preSolution
		Debug|x64 = Debug|x64
		Debug|x86 = Debug|x86
		Release|x64 = Release|x64
		Release|x86 = Release|x86
	EndGlobalSection
	GlobalSection(ProjectConfigurationPlatforms) = postSolution
		{C70F86F7-264D-4AF8-A586-6EAC5C4DF300}.Debug|x64.ActiveCfg = Debug|x64
		{C70F86F7-264D-4AF8-A586-6EAC5C4DF300}.Debug|x64.Build.0 = Debug|x64
		{C70F86F7-264D-4AF8-A586-6EAC5C4DF300}.Debug|x86.ActiveCfg = Debug|Win32
		{C70F86F7-264D-4AF8-A586-6EAC5C4DF300}.Debug|x86.Build.0 = Debug|Win32
		{C70F86F7-264D-4AF8-A586-6EAC5C4DF300}.Release|x64.ActiveCfg = Release|x64
		{C70F86F7-264D-4AF8-A586-6EAC5C4DF300}.Release|x64.Build.0 = Release|x64
		{C70F86F7-264D-4AF8-A586-6EAC5C4DF300}.Release|x86.ActiveCfg = Release|Win32
		{C70F86F7-264D-4AF8-A586-6EAC5C4DF300}.Release|x86.Build.0 = Release|Win32
		{6CC0977F-41B9-4E22-A22D-8BB176AA4555}.Debug|x64.ActiveCfg = Debug|x64
		{6CC0977F-41B9-4E22-A22D-8BB176AA4555}.Debug|x64.Build.0 = Debug|x64
		{6CC0977F-41B9-4E22-A22D-8BB176AA4555}.Debug|x86.ActiveCfg = Debug|Win32
		{6CC0977F-41B9-4E22-A22D-8BB176AA4555}.Debug|x86.Build.0 = Debug|Win32
		{6CC0977F-41B9-4E22-A22D-8BB176AA4555}.Release|x64.ActiveCfg = Release|x64
		{6CC0977F-41B9-4E22-A22D-8BB176AA4555}.Release|x64.Build.0 = Release|x64
		{6CC0977F-41B9-4E22-A22D-8BB176AA4555}.Release|x86.ActiveCfg = Release|Win32
		{6CC0977F-41B9-4E22-A22D-8BB176AA4555}.Release|x86.Build.0 = Release|Win32
		{BCBB10D0-BD99-4B07-8FFF-8F6FBE7C863B}.Debug|x64.ActiveCfg = Debug|x64
		{BCBB10D0-BD99-4B07-8FFF-8F6FBE7C863B}.Debug|x64.Build.0 = Debug|x64
		{BCBB10D0-BD99-4B07-8FFF-8F6FBE7C863B}.Debug|x86.ActiveCfg = Debug|Win32
		{BCBB10D0-BD99-4B07-8FFF-8F6FBE7C863B}.Debug|x86.Build.0 = Debug|Win32
		{BCBB10D0-BD99-4B07-8FFF-8F6FBE7C863B}.Release|x64.ActiveCfg = Release|x64
		{BCBB10D0-BD99-4B07-8FFF-8F6FBE7C863B}.Release|x64.Build.0 = Release|x64
		{BCBB10D0-BD99-4B07-8FFF-8F6FBE7C863B}.Release|x86.ActiveCfg = Release|Win32
		{BCBB10D0-BD99-4B07-8FFF-8F6FBE7C863B}.Release|x86.Build.0 = Release|Win32
		{9A3D0C12-7F3C-42C4-8AC4-65BF857ABC8D}.Debug|x64.ActiveCfg = Debug|x64
		{9A3D0C12-7F3C-42C4-8AC4-65BF857ABC8D}.Debug|x64.Build.0 = Debug|x64
		{9A3D0C12-7F3C-42C4-8AC4-65BF857ABC8D}.Debug|x86.ActiveCfg = Debug|Win32
		{9A3D0C12-7F3C-42C4-8AC4-65BF857ABC8D}.Debug|x86.Build.0 = Debug|Win32
		{9A3D0C12-7F3C-42C4-8AC4-65BF857ABC8D}.Release|x64.ActiveCfg = Release|x64
		{9A3D0C12-7F3C-42C4-8AC4-65BF857ABC8D}.Release|x64.Build.0 = Release|x64
		{9A3D0C12-7F3C-42C4-8AC4-65BF857ABC8D}.Release|x86.ActiveCfg = Release|Win32
		{9A3D0C12-7F3C-42C4-8AC4-65BF857ABC8D}.Release|x86.Build.0 = Release|Win32
	EndGlobalSection
	GlobalSection(SolutionProperties) = preSolution
		HideSolutionNode = FALSE
	EndGlobalSection
	GlobalSection(ExtensibilityGlobals) = postSolution
		SolutionGuid = {AA349CEB-E8CD-4D75-AF7D-5423CC58A121}
	EndGlobalSection
EndGlobal
