
Microsoft Visual Studio Solution File, Format Version 12.00
# Visual Studio 2013
VisualStudioVersion = 12.0.31101.0
MinimumVisualStudioVersion = 10.0.40219.1
Project("{8BC9CEB8-8B4A-11D0-8D11-00A0C91BC942}") = "Stampede", "Stampede\Stampede.vcxproj", "{0773AB9C-C344-41F3-98A2-4E473C63B781}"
EndProject
Project("{8BC9CEB8-8B4A-11D0-8D11-00A0C91BC942}") = "Cow Routing", "Cow Routing\Cow Routing.vcxproj", "{312D8C76-EEBC-4B7A-8EB5-D1A0EEBF2873}"
EndProject
Project("{8BC9CEB8-8B4A-11D0-8D11-00A0C91BC942}") = "Meeting Time", "Meeting time\Meeting time.vcxproj", "{7DCE21EF-49AB-455B-BCD7-BF68CAA3DC52}"
EndProject
Global
	GlobalSection(SolutionConfigurationPlatforms) = preSolution
		Debug|Win32 = Debug|Win32
		Release|Win32 = Release|Win32
	EndGlobalSection
	GlobalSection(ProjectConfigurationPlatforms) = postSolution
		{0773AB9C-C344-41F3-98A2-4E473C63B781}.Debug|Win32.ActiveCfg = Debug|Win32
		{0773AB9C-C344-41F3-98A2-4E473C63B781}.Debug|Win32.Build.0 = Debug|Win32
		{0773AB9C-C344-41F3-98A2-4E473C63B781}.Release|Win32.ActiveCfg = Release|Win32
		{0773AB9C-C344-41F3-98A2-4E473C63B781}.Release|Win32.Build.0 = Release|Win32
		{312D8C76-EEBC-4B7A-8EB5-D1A0EEBF2873}.Debug|Win32.ActiveCfg = Debug|Win32
		{312D8C76-EEBC-4B7A-8EB5-D1A0EEBF2873}.Debug|Win32.Build.0 = Debug|Win32
		{312D8C76-EEBC-4B7A-8EB5-D1A0EEBF2873}.Release|Win32.ActiveCfg = Release|Win32
		{312D8C76-EEBC-4B7A-8EB5-D1A0EEBF2873}.Release|Win32.Build.0 = Release|Win32
		{7DCE21EF-49AB-455B-BCD7-BF68CAA3DC52}.Debug|Win32.ActiveCfg = Debug|Win32
		{7DCE21EF-49AB-455B-BCD7-BF68CAA3DC52}.Debug|Win32.Build.0 = Debug|Win32
		{7DCE21EF-49AB-455B-BCD7-BF68CAA3DC52}.Release|Win32.ActiveCfg = Release|Win32
		{7DCE21EF-49AB-455B-BCD7-BF68CAA3DC52}.Release|Win32.Build.0 = Release|Win32
	EndGlobalSection
	GlobalSection(SolutionProperties) = preSolution
		HideSolutionNode = FALSE
	EndGlobalSection
EndGlobal
