
Microsoft Visual Studio Solution File, Format Version 12.00
# Visual Studio 2013
VisualStudioVersion = 12.0.31101.0
MinimumVisualStudioVersion = 10.0.40219.1
Project("{8BC9CEB8-8B4A-11D0-8D11-00A0C91BC942}") = "Sum", "Sum\Sum.vcxproj", "{777B6B62-5506-4E40-A8BF-16E0E37B69A7}"
EndProject
Project("{8BC9CEB8-8B4A-11D0-8D11-00A0C91BC942}") = "Hotel", "Hotel\Hotel.vcxproj", "{DB31D276-4024-4E77-B9FA-14A81AE27F56}"
EndProject
Project("{8BC9CEB8-8B4A-11D0-8D11-00A0C91BC942}") = "Reaction", "Reaction\Reaction.vcxproj", "{053ABE40-86CF-4944-82BA-90AA2C30645D}"
EndProject
Project("{8BC9CEB8-8B4A-11D0-8D11-00A0C91BC942}") = "Zuma", "Zuma\Zuma.vcxproj", "{3EC14398-D328-4091-995B-76A37E828C49}"
EndProject
Project("{8BC9CEB8-8B4A-11D0-8D11-00A0C91BC942}") = "Marbles", "Marbles\Marbles.vcxproj", "{08403648-9E36-4CC8-A669-A70CF2D4CB5B}"
EndProject
Global
	GlobalSection(SolutionConfigurationPlatforms) = preSolution
		Debug|Win32 = Debug|Win32
		Release|Win32 = Release|Win32
	EndGlobalSection
	GlobalSection(ProjectConfigurationPlatforms) = postSolution
		{777B6B62-5506-4E40-A8BF-16E0E37B69A7}.Debug|Win32.ActiveCfg = Debug|Win32
		{777B6B62-5506-4E40-A8BF-16E0E37B69A7}.Debug|Win32.Build.0 = Debug|Win32
		{777B6B62-5506-4E40-A8BF-16E0E37B69A7}.Release|Win32.ActiveCfg = Release|Win32
		{777B6B62-5506-4E40-A8BF-16E0E37B69A7}.Release|Win32.Build.0 = Release|Win32
		{DB31D276-4024-4E77-B9FA-14A81AE27F56}.Debug|Win32.ActiveCfg = Debug|Win32
		{DB31D276-4024-4E77-B9FA-14A81AE27F56}.Debug|Win32.Build.0 = Debug|Win32
		{DB31D276-4024-4E77-B9FA-14A81AE27F56}.Release|Win32.ActiveCfg = Release|Win32
		{DB31D276-4024-4E77-B9FA-14A81AE27F56}.Release|Win32.Build.0 = Release|Win32
		{053ABE40-86CF-4944-82BA-90AA2C30645D}.Debug|Win32.ActiveCfg = Debug|Win32
		{053ABE40-86CF-4944-82BA-90AA2C30645D}.Debug|Win32.Build.0 = Debug|Win32
		{053ABE40-86CF-4944-82BA-90AA2C30645D}.Release|Win32.ActiveCfg = Release|Win32
		{053ABE40-86CF-4944-82BA-90AA2C30645D}.Release|Win32.Build.0 = Release|Win32
		{3EC14398-D328-4091-995B-76A37E828C49}.Debug|Win32.ActiveCfg = Debug|Win32
		{3EC14398-D328-4091-995B-76A37E828C49}.Debug|Win32.Build.0 = Debug|Win32
		{3EC14398-D328-4091-995B-76A37E828C49}.Release|Win32.ActiveCfg = Release|Win32
		{3EC14398-D328-4091-995B-76A37E828C49}.Release|Win32.Build.0 = Release|Win32
		{08403648-9E36-4CC8-A669-A70CF2D4CB5B}.Debug|Win32.ActiveCfg = Debug|Win32
		{08403648-9E36-4CC8-A669-A70CF2D4CB5B}.Debug|Win32.Build.0 = Debug|Win32
		{08403648-9E36-4CC8-A669-A70CF2D4CB5B}.Release|Win32.ActiveCfg = Release|Win32
		{08403648-9E36-4CC8-A669-A70CF2D4CB5B}.Release|Win32.Build.0 = Release|Win32
	EndGlobalSection
	GlobalSection(SolutionProperties) = preSolution
		HideSolutionNode = FALSE
	EndGlobalSection
EndGlobal
