
Microsoft Visual Studio Solution File, Format Version 12.00
# Visual Studio 2013
VisualStudioVersion = 12.0.31101.0
MinimumVisualStudioVersion = 10.0.40219.1
Project("{8BC9CEB8-8B4A-11D0-8D11-00A0C91BC942}") = "Milk Scheduling", "Silver\Silver.vcxproj", "{F3DD8DD2-F281-434E-A20D-945511B99C99}"
EndProject
Project("{8BC9CEB8-8B4A-11D0-8D11-00A0C91BC942}") = "Vacation Planning", "Vacation Planning\Vacation Planning.vcxproj", "{012E9EE7-FB06-4A59-B899-4CD90F1BF68A}"
EndProject
Global
	GlobalSection(SolutionConfigurationPlatforms) = preSolution
		Debug|Win32 = Debug|Win32
		Release|Win32 = Release|Win32
	EndGlobalSection
	GlobalSection(ProjectConfigurationPlatforms) = postSolution
		{F3DD8DD2-F281-434E-A20D-945511B99C99}.Debug|Win32.ActiveCfg = Debug|Win32
		{F3DD8DD2-F281-434E-A20D-945511B99C99}.Debug|Win32.Build.0 = Debug|Win32
		{F3DD8DD2-F281-434E-A20D-945511B99C99}.Release|Win32.ActiveCfg = Release|Win32
		{F3DD8DD2-F281-434E-A20D-945511B99C99}.Release|Win32.Build.0 = Release|Win32
		{012E9EE7-FB06-4A59-B899-4CD90F1BF68A}.Debug|Win32.ActiveCfg = Debug|Win32
		{012E9EE7-FB06-4A59-B899-4CD90F1BF68A}.Debug|Win32.Build.0 = Debug|Win32
		{012E9EE7-FB06-4A59-B899-4CD90F1BF68A}.Release|Win32.ActiveCfg = Release|Win32
		{012E9EE7-FB06-4A59-B899-4CD90F1BF68A}.Release|Win32.Build.0 = Release|Win32
	EndGlobalSection
	GlobalSection(SolutionProperties) = preSolution
		HideSolutionNode = FALSE
	EndGlobalSection
EndGlobal
